
Microsoft Visual Studio Solution File, Format Version 12.00
# Visual Studio 2013
VisualStudioVersion = 12.0.30723.0
MinimumVisualStudioVersion = 10.0.40219.1
Project("{FAE04EC0-301F-11D3-BF4B-00C04F79EFBC}") = "FolderMonitor", "FolderMonitor\FolderMonitor.csproj", "{4377AE41-4DFB-44EC-9726-690B25B368DD}"
EndProject
Global
	GlobalSection(SolutionConfigurationPlatforms) = preSolution
		Debug|Any CPU = Debug|Any CPU
		Release|Any CPU = Release|Any CPU
	EndGlobalSection
	GlobalSection(ProjectConfigurationPlatforms) = postSolution
		{4377AE41-4DFB-44EC-9726-690B25B368DD}.Debug|Any CPU.ActiveCfg = Debug|Any CPU
		{4377AE41-4DFB-44EC-9726-690B25B368DD}.Debug|Any CPU.Build.0 = Debug|Any CPU
		{4377AE41-4DFB-44EC-9726-690B25B368DD}.Release|Any CPU.ActiveCfg = Release|Any CPU
		{4377AE41-4DFB-44EC-9726-690B25B368DD}.Release|Any CPU.Build.0 = Release|Any CPU
	EndGlobalSection
	GlobalSection(SolutionProperties) = preSolution
		HideSolutionNode = FALSE
	EndGlobalSection
EndGlobal
